{
  "name": "stone-memory",
  "version": "1.0.0",
  "lockfileVersion": 3,
  "requires": true,
  "packages": {
    "": {
      "name": "stone-memory",
      "version": "1.0.0",
      "license": "MIT",
      "bin": {
        "stmem": "bin/stmem"
      },
      "engines": {
        "node": ">=18"
      }
    }
  }
}
