{
  "name": "stone-memory",
  "version": "1.2.1",
  "lockfileVersion": 3,
  "requires": true,
  "packages": {
    "": {
      "name": "stone-memory",
      "version": "1.2.1",
      "hasInstallScript": true,
      "license": "AGPL-3.0-only",
      "dependencies": {
        "@node-rs/jieba": "^2.0.1",
        "better-sqlite3": "^13.0.3",
        "opencc-js": "^1.4.1"
      },
      "bin": {
        "stmem": "bin/stmem"
      },
      "engines": {
        "node": ">=22"
      }
    },
    "node_modules/@emnapi/core": {
      "version": "1.11.2",
      "resolved": "https://registry.npmmirror.com/@emnapi/core/-/core-1.11.2.tgz",
      "integrity": "sha512-TC8MkTuZUtcTSiFeuC0ksCh9QIJ5+F21MvZ4Wn4ORfYaFJ/0dsiudv5tVkejgwZlwQ39jL9WWDe2lz8x0WglOA==",
      "license": "MIT",
      "optional": true,
      "dependencies": {
        "@emnapi/wasi-threads": "1.2.2",
        "tslib": "^2.4.0"
      }
    },
    "node_modules/@emnapi/runtime": {
      "version": "1.11.2",
      "resolved": "https://registry.npmmirror.com/@emnapi/runtime/-/runtime-1.11.2.tgz",
      "integrity": "sha512-kyOl3X0DuTiT1h2ft8r2fYO8JYtU9a9Xis/zBSiGArNaagCOWx90N1k2wxp18czFDH+OgcWGb5ZP/XMt3dcyPA==",
      "license": "MIT",
      "optional": true,
      "dependencies": {
        "tslib": "^2.4.0"
      }
    },
    "node_modules/@emnapi/wasi-threads": {
      "version": "1.2.2",
      "resolved": "https://registry.npmmirror.com/@emnapi/wasi-threads/-/wasi-threads-1.2.2.tgz",
      "integrity": "sha512-c95qOXkHdydNKhscBTebqEC1CVAZpyqOfVfBzQ1qgzyl3gfeldUjIggDbIZgDKsHLgnsM+igH7TJ/eAasaVuMA==",
      "license": "MIT",
      "optional": true,
      "dependencies": {
        "tslib": "^2.4.0"
      }
    },
    "node_modules/@napi-rs/wasm-runtime": {
      "version": "0.2.12",
      "resolved": "https://registry.npmmirror.com/@napi-rs/wasm-runtime/-/wasm-runtime-0.2.12.tgz",
      "integrity": "sha512-ZVWUcfwY4E/yPitQJl481FjFo3K22D6qF0DuFH6Y/nbnE11GY5uguDxZMGXPQ8WQ0128MXQD7TnfHyK4oWoIJQ==",
      "license": "MIT",
      "optional": true,
      "dependencies": {
        "@emnapi/core": "^1.4.3",
        "@emnapi/runtime": "^1.4.3",
        "@tybys/wasm-util": "^0.10.0"
      }
    },
    "node_modules/@node-rs/jieba": {
      "version": "2.0.1",
      "resolved": "https://registry.npmmirror.com/@node-rs/jieba/-/jieba-2.0.1.tgz",
      "integrity": "sha512-tnfzXOMqzVQF2dSKMhPC9HrHzzWmN6KheL/zYtGenhOpq/bCKHJWVASSggEnHlkmHgXGeIJHR2N/IuPzewz1BQ==",
      "license": "MIT",
      "engines": {
        "node": ">= 10"
      },
      "funding": {
        "type": "github",
        "url": "https://github.com/sponsors/Brooooooklyn"
      },
      "optionalDependencies": {
        "@node-rs/jieba-android-arm-eabi": "2.0.1",
        "@node-rs/jieba-android-arm64": "2.0.1",
        "@node-rs/jieba-darwin-arm64": "2.0.1",
        "@node-rs/jieba-darwin-x64": "2.0.1",
        "@node-rs/jieba-freebsd-x64": "2.0.1",
        "@node-rs/jieba-linux-arm-gnueabihf": "2.0.1",
        "@node-rs/jieba-linux-arm64-gnu": "2.0.1",
        "@node-rs/jieba-linux-arm64-musl": "2.0.1",
        "@node-rs/jieba-linux-x64-gnu": "2.0.1",
        "@node-rs/jieba-linux-x64-musl": "2.0.1",
        "@node-rs/jieba-wasm32-wasi": "2.0.1",
        "@node-rs/jieba-win32-arm64-msvc": "2.0.1",
        "@node-rs/jieba-win32-ia32-msvc": "2.0.1",
        "@node-rs/jieba-win32-x64-msvc": "2.0.1"
      }
    },
    "node_modules/@node-rs/jieba-android-arm-eabi": {
      "version": "2.0.1",
      "resolved": "https://registry.npmmirror.com/@node-rs/jieba-android-arm-eabi/-/jieba-android-arm-eabi-2.0.1.tgz",
      "integrity": "sha512-tavsIaxybnlA9tRbJ+oc3NW3zhx0d5rNiCGdpIdGWjflwS7HyeUTVAZmAFDlg58Mc6EjTdVKZH+RolBbAJtgcQ==",
      "cpu": [
        "arm"
      ],
      "license": "MIT",
      "optional": true,
      "os": [
        "android"
      ],
      "engines": {
        "node": ">= 10"
      }
    },
    "node_modules/@node-rs/jieba-android-arm64": {
      "version": "2.0.1",
      "resolved": "https://registry.npmmirror.com/@node-rs/jieba-android-arm64/-/jieba-android-arm64-2.0.1.tgz",
      "integrity": "sha512-AwdyqKvVNuSDnDq3anUfq+nJ5J/kzXjkfbr/1WY6TfaAlTNuuGVskuQv72/wIx/jn7NoXfm/UPuJrWYG16NC6w==",
      "cpu": [
        "arm64"
      ],
      "license": "MIT",
      "optional": true,
      "os": [
        "android"
      ],
      "engines": {
        "node": ">= 10"
      }
    },
    "node_modules/@node-rs/jieba-darwin-arm64": {
      "version": "2.0.1",
      "resolved": "https://registry.npmmirror.com/@node-rs/jieba-darwin-arm64/-/jieba-darwin-arm64-2.0.1.tgz",
      "integrity": "sha512-10+nwGQ6KzXXJlIL/sELA6Fi6m7eJ7xJksBiKuw1kxKUgaJwtVfAG0iqRF+NRQv0Sdq7r3k5ew9K9y0+IYaEcA==",
      "cpu": [
        "arm64"
      ],
      "license": "MIT",
      "optional": true,
      "os": [
        "darwin"
      ],
      "engines": {
        "node": ">= 10"
      }
    },
    "node_modules/@node-rs/jieba-darwin-x64": {
      "version": "2.0.1",
      "resolved": "https://registry.npmmirror.com/@node-rs/jieba-darwin-x64/-/jieba-darwin-x64-2.0.1.tgz",
      "integrity": "sha512-IJ5RK0X/uPQa1XRmTvwKSieya+w1IJeiKLw0EekoBFJKybXQdvo8/uqM/8z2eVJ8vQxW9X6K2vkVGFvYQa9dYA==",
      "cpu": [
        "x64"
      ],
      "license": "MIT",
      "optional": true,
      "os": [
        "darwin"
      ],
      "engines": {
        "node": ">= 10"
      }
    },
    "node_modules/@node-rs/jieba-freebsd-x64": {
      "version": "2.0.1",
      "resolved": "https://registry.npmmirror.com/@node-rs/jieba-freebsd-x64/-/jieba-freebsd-x64-2.0.1.tgz",
      "integrity": "sha512-yg7vyhqzP2weJu5DJ3q9q4pb0b4GWWRwcv54zK7MSSA6KNJ/uQv2a4R9/qmptLU/fZv14gWuJBEMFdL7y1Dv2w==",
      "cpu": [
        "x64"
      ],
      "license": "MIT",
      "optional": true,
      "os": [
        "freebsd"
      ],
      "engines": {
        "node": ">= 10"
      }
    },
    "node_modules/@node-rs/jieba-linux-arm-gnueabihf": {
      "version": "2.0.1",
      "resolved": "https://registry.npmmirror.com/@node-rs/jieba-linux-arm-gnueabihf/-/jieba-linux-arm-gnueabihf-2.0.1.tgz",
      "integrity": "sha512-fxQYunS7w2tv8XV9GigkWJPzHnbcw6tjrUdDu5/qU0FdQVEzGuEYG85DjlNf8lZTDGSUKHBVyAQs7bBIvq8yqg==",
      "cpu": [
        "arm"
      ],
      "license": "MIT",
      "optional": true,
      "os": [
        "linux"
      ],
      "engines": {
        "node": ">= 10"
      }
    },
    "node_modules/@node-rs/jieba-linux-arm64-gnu": {
      "version": "2.0.1",
      "resolved": "https://registry.npmmirror.com/@node-rs/jieba-linux-arm64-gnu/-/jieba-linux-arm64-gnu-2.0.1.tgz",
      "integrity": "sha512-VnLU630hQIyO/fwyxh2vqZi72mO+hXkVUC3jVLPfOAlppinmsGX9N81tpTPUK3840hbV8WLtbYTWN1XodI38eg==",
      "cpu": [
        "arm64"
      ],
      "license": "MIT",
      "optional": true,
      "os": [
        "linux"
      ],
      "engines": {
        "node": ">= 10"
      }
    },
    "node_modules/@node-rs/jieba-linux-arm64-musl": {
      "version": "2.0.1",
      "resolved": "https://registry.npmmirror.com/@node-rs/jieba-linux-arm64-musl/-/jieba-linux-arm64-musl-2.0.1.tgz",
      "integrity": "sha512-K4EDyNixSLVdTNYnHwD+7I/ytvzpo7tt+vdCLqwQViiek2PMpL/FFRvA39uU2tk99jXIxvkczdxARG20BRZppg==",
      "cpu": [
        "arm64"
      ],
      "license": "MIT",
      "optional": true,
      "os": [
        "linux"
      ],
      "engines": {
        "node": ">= 10"
      }
    },
    "node_modules/@node-rs/jieba-linux-x64-gnu": {
      "version": "2.0.1",
      "resolved": "https://registry.npmmirror.com/@node-rs/jieba-linux-x64-gnu/-/jieba-linux-x64-gnu-2.0.1.tgz",
      "integrity": "sha512-sq3J6L2ANTE25I9eVFq/nb57OtXcvUIeUD1CTKJxwgTKIVmcB2LyOZpWf20AjHRUfbMER9Klqg5dgyyO+Six+w==",
      "cpu": [
        "x64"
      ],
      "license": "MIT",
      "optional": true,
      "os": [
        "linux"
      ],
      "engines": {
        "node": ">= 10"
      }
    },
    "node_modules/@node-rs/jieba-linux-x64-musl": {
      "version": "2.0.1",
      "resolved": "https://registry.npmmirror.com/@node-rs/jieba-linux-x64-musl/-/jieba-linux-x64-musl-2.0.1.tgz",
      "integrity": "sha512-0zfP9Qy68yEXrhBFknfhF6WUJDPU/8eRuyIrkMGdMjfRpxhpSbr2fMfnsqhOQLvhuK4w3iDFvTy4t5d0s6JKMA==",
      "cpu": [
        "x64"
      ],
      "license": "MIT",
      "optional": true,
      "os": [
        "linux"
      ],
      "engines": {
        "node": ">= 10"
      }
    },
    "node_modules/@node-rs/jieba-wasm32-wasi": {
      "version": "2.0.1",
      "resolved": "https://registry.npmmirror.com/@node-rs/jieba-wasm32-wasi/-/jieba-wasm32-wasi-2.0.1.tgz",
      "integrity": "sha512-7I5rJya5rlQNJIhv8PvPzIVT1/gVc0vFzHmlfRGwCPGDJ3tHVxkSPW34dDx3OgDmbIeadNpmgIyC1RaS9djPJg==",
      "cpu": [
        "wasm32"
      ],
      "license": "MIT",
      "optional": true,
      "dependencies": {
        "@napi-rs/wasm-runtime": "^0.2.5"
      },
      "engines": {
        "node": ">=14.0.0"
      }
    },
    "node_modules/@node-rs/jieba-win32-arm64-msvc": {
      "version": "2.0.1",
      "resolved": "https://registry.npmmirror.com/@node-rs/jieba-win32-arm64-msvc/-/jieba-win32-arm64-msvc-2.0.1.tgz",
      "integrity": "sha512-Aj/2EwYSaPgAbKnSl+vKM/2kOaZNMZWnShiZzbSNyzlLy3eIOyOYVLbYRDno4547KngRxer8uzROhIQIwXwkvw==",
      "cpu": [
        "arm64"
      ],
      "license": "MIT",
      "optional": true,
      "os": [
        "win32"
      ],
      "engines": {
        "node": ">= 10"
      }
    },
    "node_modules/@node-rs/jieba-win32-ia32-msvc": {
      "version": "2.0.1",
      "resolved": "https://registry.npmmirror.com/@node-rs/jieba-win32-ia32-msvc/-/jieba-win32-ia32-msvc-2.0.1.tgz",
      "integrity": "sha512-tpJt3uuBlGrcOInQLTYvcgamQgfadl5cwExLYU+CX9rXKpXLDO31dIujUDBgNWoiQq3tOiU1/AKbT7ZdNd4lBQ==",
      "cpu": [
        "ia32"
      ],
      "license": "MIT",
      "optional": true,
      "os": [
        "win32"
      ],
      "engines": {
        "node": ">= 10"
      }
    },
    "node_modules/@node-rs/jieba-win32-x64-msvc": {
      "version": "2.0.1",
      "resolved": "https://registry.npmmirror.com/@node-rs/jieba-win32-x64-msvc/-/jieba-win32-x64-msvc-2.0.1.tgz",
      "integrity": "sha512-LDOyo2/2CO8UnpSGLJdgqtH8mOnsABPhNxkfIky7UT9cyLEzOaU44nbA5YzPGpBI3qzMbWcwJYQsjBcgK2VqAg==",
      "cpu": [
        "x64"
      ],
      "license": "MIT",
      "optional": true,
      "os": [
        "win32"
      ],
      "engines": {
        "node": ">= 10"
      }
    },
    "node_modules/@tybys/wasm-util": {
      "version": "0.10.3",
      "resolved": "https://registry.npmmirror.com/@tybys/wasm-util/-/wasm-util-0.10.3.tgz",
      "integrity": "sha512-F3fo1MYrRJYL3zER0OUOmkutjr1Vp23m7OsSgp7nq4SP6OqX6C/56XFIPAl5bt3zaBRjmW7SGz3u/6LwFpYcOg==",
      "license": "MIT",
      "optional": true,
      "dependencies": {
        "tslib": "^2.4.0"
      }
    },
    "node_modules/better-sqlite3": {
      "version": "13.0.3",
      "resolved": "https://registry.npmmirror.com/better-sqlite3/-/better-sqlite3-13.0.3.tgz",
      "integrity": "sha512-RbOBxmLBG8uvFUc15X9+9SFemKcQ0WBuISBVkpuiaUB2qblC8UWlHEjdWVoZ8AdhSwmoEgsiXKfopX0CQxaACQ==",
      "license": "MIT",
      "dependencies": {
        "node-addon-api": "^8.0.0"
      },
      "engines": {
        "node": ">=22"
      }
    },
    "node_modules/node-addon-api": {
      "version": "8.9.2",
      "resolved": "https://registry.npmmirror.com/node-addon-api/-/node-addon-api-8.9.2.tgz",
      "integrity": "sha512-VijLXbi3UACN69I0JVXJsX4tjACjNoQDgv2gTF6sx2wWEi8tkSg2eX8p5gSIFi8z2+DL3oHmY6OyKce38SDolg==",
      "license": "MIT",
      "engines": {
        "node": "^18 || ^20 || >= 21"
      }
    },
    "node_modules/opencc-js": {
      "version": "1.4.1",
      "resolved": "https://registry.npmmirror.com/opencc-js/-/opencc-js-1.4.1.tgz",
      "integrity": "sha512-2lPLcrg7cnh1ATSduOxhnk/jq6KlR6w+5Ihl4wF7Z5e5Rva4vxTyugV5rZ7EiUCOZl+EDOLetIix+BhgYDCC+A==",
      "license": "MIT AND Apache-2.0"
    },
    "node_modules/tslib": {
      "version": "2.8.1",
      "resolved": "https://registry.npmmirror.com/tslib/-/tslib-2.8.1.tgz",
      "integrity": "sha512-oJFu94HQb+KVduSUQL7wnpmqnfmLsOA/nAh6b6EH0wCEoK0/mPeXU6c3wKDV83MkOuHPRHtSXKKU99IBazS/2w==",
      "license": "0BSD",
      "optional": true
    }
  }
}
